// !$*UTF8*$!
{
	archiveVersion = 1;
	classes = {
	};
	objectVersion = 50;
	objects = {

/* Begin PBXBuildFile section */
		83EDF38B259B4ACB00FE326F /* BucketListApp.swift in Sources */ = {isa = PBXBuildFile; fileRef = 83EDF38A259B4ACB00FE326F /* BucketListApp.swift */; };
		83EDF38D259B4ACB00FE326F /* ContentView.swift in Sources */ = {isa = PBXBuildFile; fileRef = 83EDF38C259B4ACB00FE326F /* ContentView.swift */; };
		83EDF38F259B4ACD00FE326F /* Assets.xcassets in Resources */ = {isa = PBXBuildFile; fileRef = 83EDF38E259B4ACD00FE326F /* Assets.xcassets */; };
		83EDF392259B4ACD00FE326F /* Preview Assets.xcassets in Resources */ = {isa = PBXBuildFile; fileRef = 83EDF391259B4ACD00FE326F /* Preview Assets.xcassets */; };
		83EDF39E259B5F8500FE326F /* MapView.swift in Sources */ = {isa = PBXBuildFile; fileRef = 83EDF39D259B5F8500FE326F /* MapView.swift */; };
		83EDF3A1259C9E7600FE326F /* MapCoordinator.swift in Sources */ = {isa = PBXBuildFile; fileRef = 83EDF3A0259C9E7500FE326F /* MapCoordinator.swift */; };
		83EDF3A4259CA04B00FE326F /* MKPointAnnotation-ObservableObject.swift in Sources */ = {isa = PBXBuildFile; fileRef = 83EDF3A3259CA04B00FE326F /* MKPointAnnotation-ObservableObject.swift */; };
		83EDF3A7259CA0B700FE326F /* EditView.swift in Sources */ = {isa = PBXBuildFile; fileRef = 83EDF3A6259CA0B700FE326F /* EditView.swift */; };
		83EDF3AB259CA52400FE326F /* Result.swift in Sources */ = {isa = PBXBuildFile; fileRef = 83EDF3AA259CA52400FE326F /* Result.swift */; };
		83EDF3AE259CAA6100FE326F /* MKPointAnnotation-Codable.swift in Sources */ = {isa = PBXBuildFile; fileRef = 83EDF3AD259CAA6100FE326F /* MKPointAnnotation-Codable.swift */; };
		83EDF3B2259CD3EA00FE326F /* FloatingButton.swift in Sources */ = {isa = PBXBuildFile; fileRef = 83EDF3B1259CD3EA00FE326F /* FloatingButton.swift */; };
/* End PBXBuildFile section */

/* Begin PBXFileReference section */
		83EDF387259B4ACB00FE326F /* BucketList.app */ = {isa = PBXFileReference; explicitFileType = wrapper.application; includeInIndex = 0; path = BucketList.app; sourceTree = BUILT_PRODUCTS_DIR; };
		83EDF38A259B4ACB00FE326F /* BucketListApp.swift */ = {isa = PBXFileReference; lastKnownFileType = sourcecode.swift; path = BucketListApp.swift; sourceTree = "<group>"; };
		83EDF38C259B4ACB00FE326F /* ContentView.swift */ = {isa = PBXFileReference; lastKnownFileType = sourcecode.swift; path = ContentView.swift; sourceTree = "<group>"; };
		83EDF38E259B4ACD00FE326F /* Assets.xcassets */ = {isa = PBXFileReference; lastKnownFileType = folder.assetcatalog; path = Assets.xcassets; sourceTree = "<group>"; };
		83EDF391259B4ACD00FE326F /* Preview Assets.xcassets */ = {isa = PBXFileReference; lastKnownFileType = folder.assetcatalog; path = "Preview Assets.xcassets"; sourceTree = "<group>"; };
		83EDF393259B4ACD00FE326F /* Info.plist */ = {isa = PBXFileReference; lastKnownFileType = text.plist.xml; path = Info.plist; sourceTree = "<group>"; };
		83EDF39D259B5F8500FE326F /* MapView.swift */ = {isa = PBXFileReference; lastKnownFileType = sourcecode.swift; path = MapView.swift; sourceTree = "<group>"; };
		83EDF3A0259C9E7500FE326F /* MapCoordinator.swift */ = {isa = PBXFileReference; lastKnownFileType = sourcecode.swift; path = MapCoordinator.swift; sourceTree = "<group>"; };
		83EDF3A3259CA04B00FE326F /* MKPointAnnotation-ObservableObject.swift */ = {isa = PBXFileReference; lastKnownFileType = sourcecode.swift; path = "MKPointAnnotation-ObservableObject.swift"; sourceTree = "<group>"; };
		83EDF3A6259CA0B700FE326F /* EditView.swift */ = {isa = PBXFileReference; lastKnownFileType = sourcecode.swift; path = EditView.swift; sourceTree = "<group>"; };
		83EDF3AA259CA52400FE326F /* Result.swift */ = {isa = PBXFileReference; lastKnownFileType = sourcecode.swift; path = Result.swift; sourceTree = "<group>"; };
		83EDF3AD259CAA6100FE326F /* MKPointAnnotation-Codable.swift */ = {isa = PBXFileReference; lastKnownFileType = sourcecode.swift; path = "MKPointAnnotation-Codable.swift"; sourceTree = "<group>"; };
		83EDF3B1259CD3EA00FE326F /* FloatingButton.swift */ = {isa = PBXFileReference; lastKnownFileType = sourcecode.swift; path = FloatingButton.swift; sourceTree = SOURCE_ROOT; };
/* End PBXFileReference section */

/* Begin PBXFrameworksBuildPhase section */
		83EDF384259B4ACB00FE326F /* Frameworks */ = {
			isa = PBXFrameworksBuildPhase;
			buildActionMask = 2147483647;
			files = (
			);
			runOnlyForDeploymentPostprocessing = 0;
		};
/* End PBXFrameworksBuildPhase section */

/* Begin PBXGroup section */
		83EDF37E259B4ACB00FE326F = {
			isa = PBXGroup;
			children = (
				83EDF389259B4ACB00FE326F /* BucketList */,
				83EDF388259B4ACB00FE326F /* Products */,
			);
			sourceTree = "<group>";
		};
		83EDF388259B4ACB00FE326F /* Products */ = {
			isa = PBXGroup;
			children = (
				83EDF387259B4ACB00FE326F /* BucketList.app */,
			);
			name = Products;
			sourceTree = "<group>";
		};
		83EDF389259B4ACB00FE326F /* BucketList */ = {
			isa = PBXGroup;
			children = (
				83EDF3B1259CD3EA00FE326F /* FloatingButton.swift */,
				83EDF38A259B4ACB00FE326F /* BucketListApp.swift */,
				83EDF38C259B4ACB00FE326F /* ContentView.swift */,
				83EDF3AA259CA52400FE326F /* Result.swift */,
				83EDF3AD259CAA6100FE326F /* MKPointAnnotation-Codable.swift */,
				83EDF39D259B5F8500FE326F /* MapView.swift */,
				83EDF3A3259CA04B00FE326F /* MKPointAnnotation-ObservableObject.swift */,
				83EDF3A6259CA0B700FE326F /* EditView.swift */,
				83EDF3A0259C9E7500FE326F /* MapCoordinator.swift */,
				83EDF38E259B4ACD00FE326F /* Assets.xcassets */,
				83EDF393259B4ACD00FE326F /* Info.plist */,
				83EDF390259B4ACD00FE326F /* Preview Content */,
			);
			path = BucketList;
			sourceTree = "<group>";
		};
		83EDF390259B4ACD00FE326F /* Preview Content */ = {
			isa = PBXGroup;
			children = (
				83EDF391259B4ACD00FE326F /* Preview Assets.xcassets */,
			);
			path = "Preview Content";
			sourceTree = "<group>";
		};
/* End PBXGroup section */

/* Begin PBXNativeTarget section */
		83EDF386259B4ACB00FE326F /* BucketList */ = {
			isa = PBXNativeTarget;
			buildConfigurationList = 83EDF396259B4ACD00FE326F /* Build configuration list for PBXNativeTarget "BucketList" */;
			buildPhases = (
				83EDF383259B4ACB00FE326F /* Sources */,
				83EDF384259B4ACB00FE326F /* Frameworks */,
				83EDF385259B4ACB00FE326F /* Resources */,
			);
			buildRules = (
			);
			dependencies = (
			);
			name = BucketList;
			productName = BucketList;
			productReference = 83EDF387259B4ACB00FE326F /* BucketList.app */;
			productType = "com.apple.product-type.application";
		};
/* End PBXNativeTarget section */

/* Begin PBXProject section */
		83EDF37F259B4ACB00FE326F /* Project object */ = {
			isa = PBXProject;
			attributes = {
				LastSwiftUpdateCheck = 1210;
				LastUpgradeCheck = 1210;
				TargetAttributes = {
					83EDF386259B4ACB00FE326F = {
						CreatedOnToolsVersion = 12.1.1;
					};
				};
			};
			buildConfigurationList = 83EDF382259B4ACB00FE326F /* Build configuration list for PBXProject "BucketList" */;
			compatibilityVersion = "Xcode 9.3";
			developmentRegion = en;
			hasScannedForEncodings = 0;
			knownRegions = (
				en,
				Base,
			);
			mainGroup = 83EDF37E259B4ACB00FE326F;
			productRefGroup = 83EDF388259B4ACB00FE326F /* Products */;
			projectDirPath = "";
			projectRoot = "";
			targets = (
				83EDF386259B4ACB00FE326F /* BucketList */,
			);
		};
/* End PBXProject section */

/* Begin PBXResourcesBuildPhase section */
		83EDF385259B4ACB00FE326F /* Resources */ = {
			isa = PBXResourcesBuildPhase;
			buildActionMask = 2147483647;
			files = (
				83EDF392259B4ACD00FE326F /* Preview Assets.xcassets in Resources */,
				83EDF38F259B4ACD00FE326F /* Assets.xcassets in Resources */,
			);
			runOnlyForDeploymentPostprocessing = 0;
		};
/* End PBXResourcesBuildPhase section */

/* Begin PBXSourcesBuildPhase section */
		83EDF383259B4ACB00FE326F /* Sources */ = {
			isa = PBXSourcesBuildPhase;
			buildActionMask = 2147483647;
			files = (
				83EDF38D259B4ACB00FE326F /* ContentView.swift in Sources */,
				83EDF3A4259CA04B00FE326F /* MKPointAnnotation-ObservableObject.swift in Sources */,
				83EDF3B2259CD3EA00FE326F /* FloatingButton.swift in Sources */,
				83EDF39E259B5F8500FE326F /* MapView.swift in Sources */,
				83EDF3A7259CA0B700FE326F /* EditView.swift in Sources */,
				83EDF3A1259C9E7600FE326F /* MapCoordinator.swift in Sources */,
				83EDF3AE259CAA6100FE326F /* MKPointAnnotation-Codable.swift in Sources */,
				83EDF3AB259CA52400FE326F /* Result.swift in Sources */,
				83EDF38B259B4ACB00FE326F /* BucketListApp.swift in Sources */,
			);
			runOnlyForDeploymentPostprocessing = 0;
		};
/* End PBXSourcesBuildPhase section */

/* Begin XCBuildConfiguration section */
		83EDF394259B4ACD00FE326F /* Debug */ = {
			isa = XCBuildConfiguration;
			buildSettings = {
				ALWAYS_SEARCH_USER_PATHS = NO;
				CLANG_ANALYZER_NONNULL = YES;
				CLANG_ANALYZER_NUMBER_OBJECT_CONVERSION = YES_AGGRESSIVE;
				CLANG_CXX_LANGUAGE_STANDARD = "gnu++14";
				CLANG_CXX_LIBRARY = "libc++";
				CLANG_ENABLE_MODULES = YES;
				CLANG_ENABLE_OBJC_ARC = YES;
				CLANG_ENABLE_OBJC_WEAK = YES;
				CLANG_WARN_BLOCK_CAPTURE_AUTORELEASING = YES;
				CLANG_WARN_BOOL_CONVERSION = YES;
				CLANG_WARN_COMMA = YES;
				CLANG_WARN_CONSTANT_CONVERSION = YES;
				CLANG_WARN_DEPRECATED_OBJC_IMPLEMENTATIONS = YES;
				CLANG_WARN_DIRECT_OBJC_ISA_USAGE = YES_ERROR;
				CLANG_WARN_DOCUMENTATION_COMMENTS = YES;
				CLANG_WARN_EMPTY_BODY = YES;
				CLANG_WARN_ENUM_CONVERSION = YES;
				CLANG_WARN_INFINITE_RECURSION = YES;
				CLANG_WARN_INT_CONVERSION = YES;
				CLANG_WARN_NON_LITERAL_NULL_CONVERSION = YES;
				CLANG_WARN_OBJC_IMPLICIT_RETAIN_SELF = YES;
				CLANG_WARN_OBJC_LITERAL_CONVERSION = YES;
				CLANG_WARN_OBJC_ROOT_CLASS = YES_ERROR;
				CLANG_WARN_QUOTED_INCLUDE_IN_FRAMEWORK_HEADER = YES;
				CLANG_WARN_RANGE_LOOP_ANALYSIS = YES;
				CLANG_WARN_STRICT_PROTOTYPES = YES;
				CLANG_WARN_SUSPICIOUS_MOVE = YES;
				CLANG_WARN_UNGUARDED_AVAILABILITY = YES_AGGRESSIVE;
				CLANG_WARN_UNREACHABLE_CODE = YES;
				CLANG_WARN__DUPLICATE_METHOD_MATCH = YES;
				COPY_PHASE_STRIP = NO;
				DEBUG_INFORMATION_FORMAT = dwarf;
				ENABLE_STRICT_OBJC_MSGSEND = YES;
				ENABLE_TESTABILITY = YES;
				GCC_C_LANGUAGE_STANDARD = gnu11;
				GCC_DYNAMIC_NO_PIC = NO;
				GCC_NO_COMMON_BLOCKS = YES;
				GCC_OPTIMIZATION_LEVEL = 0;
				GCC_PREPROCESSOR_DEFINITIONS = (
					"DEBUG=1",
					"$(inherited)",
				);
				GCC_WARN_64_TO_32_BIT_CONVERSION = YES;
				GCC_WARN_ABOUT_RETURN_TYPE = YES_ERROR;
				GCC_WARN_UNDECLARED_SELECTOR = YES;
				GCC_WARN_UNINITIALIZED_AUTOS = YES_AGGRESSIVE;
				GCC_WARN_UNUSED_FUNCTION = YES;
				GCC_WARN_UNUSED_VARIABLE = YES;
				IPHONEOS_DEPLOYMENT_TARGET = 14.2;
				MTL_ENABLE_DEBUG_INFO = INCLUDE_SOURCE;
				MTL_FAST_MATH = YES;
				ONLY_ACTIVE_ARCH = YES;
				SDKROOT = iphoneos;
				SWIFT_ACTIVE_COMPILATION_CONDITIONS = DEBUG;
				SWIFT_OPTIMIZATION_LEVEL = "-Onone";
			};
			name = Debug;
		};
		83EDF395259B4ACD00FE326F /* Release */ = {
			isa = XCBuildConfiguration;
			buildSettings = {
				ALWAYS_SEARCH_USER_PATHS = NO;
				CLANG_ANALYZER_NONNULL = YES;
				CLANG_ANALYZER_NUMBER_OBJECT_CONVERSION = YES_AGGRESSIVE;
				CLANG_CXX_LANGUAGE_STANDARD = "gnu++14";
				CLANG_CXX_LIBRARY = "libc++";
				CLANG_ENABLE_MODULES = YES;
				CLANG_ENABLE_OBJC_ARC = YES;
				CLANG_ENABLE_OBJC_WEAK = YES;
				CLANG_WARN_BLOCK_CAPTURE_AUTORELEASING = YES;
				CLANG_WARN_BOOL_CONVERSION = YES;
				CLANG_WARN_COMMA = YES;
				CLANG_WARN_CONSTANT_CONVERSION = YES;
				CLANG_WARN_DEPRECATED_OBJC_IMPLEMENTATIONS = YES;
				CLANG_WARN_DIRECT_OBJC_ISA_USAGE = YES_ERROR;
				CLANG_WARN_DOCUMENTATION_COMMENTS = YES;
				CLANG_WARN_EMPTY_BODY = YES;
				CLANG_WARN_ENUM_CONVERSION = YES;
				CLANG_WARN_INFINITE_RECURSION = YES;
				CLANG_WARN_INT_CONVERSION = YES;
				CLANG_WARN_NON_LITERAL_NULL_CONVERSION = YES;
				CLANG_WARN_OBJC_IMPLICIT_RETAIN_SELF = YES;
				CLANG_WARN_OBJC_LITERAL_CONVERSION = YES;
				CLANG_WARN_OBJC_ROOT_CLASS = YES_ERROR;
				CLANG_WARN_QUOTED_INCLUDE_IN_FRAMEWORK_HEADER = YES;
				CLANG_WARN_RANGE_LOOP_ANALYSIS = YES;
				CLANG_WARN_STRICT_PROTOTYPES = YES;
				CLANG_WARN_SUSPICIOUS_MOVE = YES;
				CLANG_WARN_UNGUARDED_AVAILABILITY = YES_AGGRESSIVE;
				CLANG_WARN_UNREACHABLE_CODE = YES;
				CLANG_WARN__DUPLICATE_METHOD_MATCH = YES;
				COPY_PHASE_STRIP = NO;
				DEBUG_INFORMATION_FORMAT = "dwarf-with-dsym";
				ENABLE_NS_ASSERTIONS = NO;
				ENABLE_STRICT_OBJC_MSGSEND = YES;
				GCC_C_LANGUAGE_STANDARD = gnu11;
				GCC_NO_COMMON_BLOCKS = YES;
				GCC_WARN_64_TO_32_BIT_CONVERSION = YES;
				GCC_WARN_ABOUT_RETURN_TYPE = YES_ERROR;
				GCC_WARN_UNDECLARED_SELECTOR = YES;
				GCC_WARN_UNINITIALIZED_AUTOS = YES_AGGRESSIVE;
				GCC_WARN_UNUSED_FUNCTION = YES;
				GCC_WARN_UNUSED_VARIABLE = YES;
				IPHONEOS_DEPLOYMENT_TARGET = 14.2;
				MTL_ENABLE_DEBUG_INFO = NO;
				MTL_FAST_MATH = YES;
				SDKROOT = iphoneos;
				SWIFT_COMPILATION_MODE = wholemodule;
				SWIFT_OPTIMIZATION_LEVEL = "-O";
				VALIDATE_PRODUCT = YES;
			};
			name = Release;
		};
		83EDF397259B4ACD00FE326F /* Debug */ = {
			isa = XCBuildConfiguration;
			buildSettings = {
				ASSETCATALOG_COMPILER_APPICON_NAME = AppIcon;
				ASSETCATALOG_COMPILER_GLOBAL_ACCENT_COLOR_NAME = AccentColor;
				CODE_SIGN_STYLE = Automatic;
				DEVELOPMENT_ASSET_PATHS = "\"BucketList/Preview Content\"";
				DEVELOPMENT_TEAM = 794JYC8SNK;
				ENABLE_PREVIEWS = YES;
				INFOPLIST_FILE = BucketList/Info.plist;
				IPHONEOS_DEPLOYMENT_TARGET = 14.0;
				LD_RUNPATH_SEARCH_PATHS = (
					"$(inherited)",
					"@executable_path/Frameworks",
				);
				PRODUCT_BUNDLE_IDENTIFIER = com.hackingwithswift.BucketList;
				PRODUCT_NAME = "$(TARGET_NAME)";
				SWIFT_VERSION = 5.0;
				TARGETED_DEVICE_FAMILY = "1,2";
			};
			name = Debug;
		};
		83EDF398259B4ACD00FE326F /* Release */ = {
			isa = XCBuildConfiguration;
			buildSettings = {
				ASSETCATALOG_COMPILER_APPICON_NAME = AppIcon;
				ASSETCATALOG_COMPILER_GLOBAL_ACCENT_COLOR_NAME = AccentColor;
				CODE_SIGN_STYLE = Automatic;
				DEVELOPMENT_ASSET_PATHS = "\"BucketList/Preview Content\"";
				DEVELOPMENT_TEAM = 794JYC8SNK;
				ENABLE_PREVIEWS = YES;
				INFOPLIST_FILE = BucketList/Info.plist;
				IPHONEOS_DEPLOYMENT_TARGET = 14.0;
				LD_RUNPATH_SEARCH_PATHS = (
					"$(inherited)",
					"@executable_path/Frameworks",
				);
				PRODUCT_BUNDLE_IDENTIFIER = com.hackingwithswift.BucketList;
				PRODUCT_NAME = "$(TARGET_NAME)";
				SWIFT_VERSION = 5.0;
				TARGETED_DEVICE_FAMILY = "1,2";
			};
			name = Release;
		};
/* End XCBuildConfiguration section */

/* Begin XCConfigurationList section */
		83EDF382259B4ACB00FE326F /* Build configuration list for PBXProject "BucketList" */ = {
			isa = XCConfigurationList;
			buildConfigurations = (
				83EDF394259B4ACD00FE326F /* Debug */,
				83EDF395259B4ACD00FE326F /* Release */,
			);
			defaultConfigurationIsVisible = 0;
			defaultConfigurationName = Release;
		};
		83EDF396259B4ACD00FE326F /* Build configuration list for PBXNativeTarget "BucketList" */ = {
			isa = XCConfigurationList;
			buildConfigurations = (
				83EDF397259B4ACD00FE326F /* Debug */,
				83EDF398259B4ACD00FE326F /* Release */,
			);
			defaultConfigurationIsVisible = 0;
			defaultConfigurationName = Release;
		};
/* End XCConfigurationList section */
	};
	rootObject = 83EDF37F259B4ACB00FE326F /* Project object */;
}
